{
  "name": "infinimesh-proto",
  "version": "1.0.0",
  "lockfileVersion": 3,
  "requires": true,
  "packages": {
    "": {
      "name": "infinimesh-proto",
      "version": "1.0.0",
      "license": "Apache-2.0",
      "dependencies": {
        "@bufbuild/connect": "^0.8.4",
        "@bufbuild/connect-web": "^0.8.4",
        "@bufbuild/protobuf": "^1.1.1"
      }
    },
    "node_modules/@bufbuild/connect": {
      "version": "0.8.4",
      "resolved": "https://registry.npmjs.org/@bufbuild/connect/-/connect-0.8.4.tgz",
      "integrity": "sha512-99FwsvhEDTUJAXLJEyqdKhAle/MuFrRtkRBdRFLH2oNdI5Tv0Qaa7oMcQXKPFPQDfRdJEZe+dt8scmRVN55njA==",
      "peerDependencies": {
        "@bufbuild/protobuf": "^1.0.0"
      }
    },
    "node_modules/@bufbuild/connect-web": {
      "version": "0.8.4",
      "resolved": "https://registry.npmjs.org/@bufbuild/connect-web/-/connect-web-0.8.4.tgz",
      "integrity": "sha512-GlM0wC/htfqBNEqn+s/+bIAD1OCCeoyqddS35Zjl+STKnfGfURbGjpfNyuci2RwmNQmotov0KKYshvowMn15yQ==",
      "dependencies": {
        "@bufbuild/connect": "0.8.4"
      },
      "peerDependencies": {
        "@bufbuild/protobuf": "^1.0.0"
      }
    },
    "node_modules/@bufbuild/protobuf": {
      "version": "1.1.1",
      "resolved": "https://registry.npmjs.org/@bufbuild/protobuf/-/protobuf-1.1.1.tgz",
      "integrity": "sha512-1dS2m3jabfW2XL2K6//41wZkO4XJOZtpe0bKLuta0BvK5LxNRyUBSSN5835n3bIFiNJKFWhDnzZEMrV7QVGFfQ=="
    }
  }
}
