lockfileVersion: '6.0'

settings:
  autoInstallPeers: true
  excludeLinksFromLockfile: false

dependencies:
  '@bufbuild/protobuf':
    specifier: ^1.7.2
    version: 1.8.0
  '@connectrpc/connect':
    specifier: ^1.4.0
    version: 1.4.0(@bufbuild/protobuf@1.8.0)
  '@connectrpc/connect-web':
    specifier: ^1.4.0
    version: 1.4.0(@bufbuild/protobuf@1.8.0)(@connectrpc/connect@1.4.0)
  uuid:
    specifier: ^9.0.1
    version: 9.0.1

devDependencies:
  '@bufbuild/buf':
    specifier: ^1.30.0
    version: 1.30.1
  '@bufbuild/protoc-gen-es':
    specifier: ^1.7.2
    version: 1.8.0(@bufbuild/protobuf@1.8.0)
  '@connectrpc/protoc-gen-connect-es':
    specifier: ^1.4.0
    version: 1.4.0(@bufbuild/protoc-gen-es@1.8.0)(@connectrpc/connect@1.4.0)
  '@types/uuid':
    specifier: ^9.0.8
    version: 9.0.8

packages:

  /@bufbuild/buf-darwin-arm64@1.30.1:
    resolution: {integrity: sha512-FRgf+x4V4s9Z1wH2xHdP8+1AYtil1GCmMjzKf/4AQ+eaUpoLfipSIsVYiBrnpcRxEPe9UMVzwNjKtPak/szwPw==}
    engines: {node: '>=12'}
    cpu: [arm64]
    os: [darwin]
    requiresBuild: true
    dev: true
    optional: true

  /@bufbuild/buf-darwin-x64@1.30.1:
    resolution: {integrity: sha512-kE0ne45zE7lSdv9WxPVhapwu627WMbWmWCzqSxzYr8sWDLqiAuw+XvO9/mHGdPWcMhV4lMX6tutitd9PPVxK8A==}
    engines: {node: '>=12'}
    cpu: [x64]
    os: [darwin]
    requiresBuild: true
    dev: true
    optional: true

  /@bufbuild/buf-linux-aarch64@1.30.1:
    resolution: {integrity: sha512-kVV9Sl0GwZiQkMOXJiuwuU+gIHe6AWcYBMRMmuW55sY0ePZNXBmRGt4k5W4ijy98O6pnY3ao+n9ne0KwiD9MVA==}
    engines: {node: '>=12'}
    cpu: [arm64]
    os: [linux]
    requiresBuild: true
    dev: true
    optional: true

  /@bufbuild/buf-linux-x64@1.30.1:
    resolution: {integrity: sha512-RacDbQJYNwqRlMESa/rLHprfUVa8Wu1/cmcqS29Fyt/cGzs0G8sNcQzQ87HYFIS9cSlSPl6vWL0x8JqQRp68lQ==}
    engines: {node: '>=12'}
    cpu: [x64]
    os: [linux]
    requiresBuild: true
    dev: true
    optional: true

  /@bufbuild/buf-win32-arm64@1.30.1:
    resolution: {integrity: sha512-ndp/qb5M6yrSzcnMI0j4jjAuDKa7zHBFc187FwyDb3v63rvyQeYqncHb0leT5ZWqfNggJT4vXIH6QnH82PfDQw==}
    engines: {node: '>=12'}
    cpu: [arm64]
    os: [win32]
    requiresBuild: true
    dev: true
    optional: true

  /@bufbuild/buf-win32-x64@1.30.1:
    resolution: {integrity: sha512-1kmIY6oKLKZ4zIQVNG60GRDp+vKSZdaim7wRejOtgEDuWXhIuErlnGbpstypU8FO+OV3SeFUJNOJ8tLOYd3PvQ==}
    engines: {node: '>=12'}
    cpu: [x64]
    os: [win32]
    requiresBuild: true
    dev: true
    optional: true

  /@bufbuild/buf@1.30.1:
    resolution: {integrity: sha512-9VVvrXBCWUiH8ToccqDfPRuTiPXSbHmSkL8XPlMpUhpJIlm01m4/Vzbc5FJL1yuk3e1rdBGCF6I9Obs9NsILzg==}
    engines: {node: '>=12'}
    hasBin: true
    requiresBuild: true
    optionalDependencies:
      '@bufbuild/buf-darwin-arm64': 1.30.1
      '@bufbuild/buf-darwin-x64': 1.30.1
      '@bufbuild/buf-linux-aarch64': 1.30.1
      '@bufbuild/buf-linux-x64': 1.30.1
      '@bufbuild/buf-win32-arm64': 1.30.1
      '@bufbuild/buf-win32-x64': 1.30.1
    dev: true

  /@bufbuild/protobuf@1.7.2:
    resolution: {integrity: sha512-i5GE2Dk5ekdlK1TR7SugY4LWRrKSfb5T1Qn4unpIMbfxoeGKERKQ59HG3iYewacGD10SR7UzevfPnh6my4tNmQ==}
    dev: true

  /@bufbuild/protobuf@1.8.0:
    resolution: {integrity: sha512-qR9FwI8QKIveDnUYutvfzbC21UZJJryYrLuZGjeZ/VGz+vXelUkK+xgkOHsvPEdYEdxtgUUq4313N8QtOehJ1Q==}

  /@bufbuild/protoc-gen-es@1.8.0(@bufbuild/protobuf@1.8.0):
    resolution: {integrity: sha512-jnvBKwHq3o/iOgfKxaxn5Za7ay4oAs8KWgoHiDc9Fsb0g+/d1z+mHlHvmevOiCPcVZsnH6V3LImOJvGStPONpA==}
    engines: {node: '>=14'}
    hasBin: true
    peerDependencies:
      '@bufbuild/protobuf': 1.8.0
    peerDependenciesMeta:
      '@bufbuild/protobuf':
        optional: true
    dependencies:
      '@bufbuild/protobuf': 1.8.0
      '@bufbuild/protoplugin': 1.8.0
    transitivePeerDependencies:
      - supports-color
    dev: true

  /@bufbuild/protoplugin@1.7.2:
    resolution: {integrity: sha512-N3QtO8XWD4F4alMtASWtxBw6BWXp4aLz7rPBXH4KTULdjpUHnq46g15TsrG0/8szZw6pIklTO3lFe14dl6ZYdA==}
    dependencies:
      '@bufbuild/protobuf': 1.7.2
      '@typescript/vfs': 1.5.0
      typescript: 4.5.2
    transitivePeerDependencies:
      - supports-color
    dev: true

  /@bufbuild/protoplugin@1.8.0:
    resolution: {integrity: sha512-Pb89cTshW+I577qh27VvxGYvZEvQ3zJ8La1OfzPCKugP9d4A4P65WStkAY+aSCiDHk68m1/+mtBb6elfiLPuFg==}
    dependencies:
      '@bufbuild/protobuf': 1.8.0
      '@typescript/vfs': 1.5.0
      typescript: 4.5.2
    transitivePeerDependencies:
      - supports-color
    dev: true

  /@connectrpc/connect-web@1.4.0(@bufbuild/protobuf@1.8.0)(@connectrpc/connect@1.4.0):
    resolution: {integrity: sha512-13aO4psFbbm7rdOFGV0De2Za64DY/acMspgloDlcOKzLPPs0yZkhp1OOzAQeiAIr7BM/VOHIA3p8mF0inxCYTA==}
    peerDependencies:
      '@bufbuild/protobuf': ^1.4.2
      '@connectrpc/connect': 1.4.0
    dependencies:
      '@bufbuild/protobuf': 1.8.0
      '@connectrpc/connect': 1.4.0(@bufbuild/protobuf@1.8.0)
    dev: false

  /@connectrpc/connect@1.4.0(@bufbuild/protobuf@1.8.0):
    resolution: {integrity: sha512-vZeOkKaAjyV4+RH3+rJZIfDFJAfr+7fyYr6sLDKbYX3uuTVszhFe9/YKf5DNqrDb5cKdKVlYkGn6DTDqMitAnA==}
    peerDependencies:
      '@bufbuild/protobuf': ^1.4.2
    dependencies:
      '@bufbuild/protobuf': 1.8.0

  /@connectrpc/protoc-gen-connect-es@1.4.0(@bufbuild/protoc-gen-es@1.8.0)(@connectrpc/connect@1.4.0):
    resolution: {integrity: sha512-/7vQ8Q7mEBhV8qEVh/eifRQlQnf8EJ6weMwCD2DljVAQRlZYcW9SLxjYZhV1uM1ZZqQC7Cw2vvgXRg2XQswHBg==}
    engines: {node: '>=16.0.0'}
    hasBin: true
    peerDependencies:
      '@bufbuild/protoc-gen-es': ^1.7.2
      '@connectrpc/connect': 1.4.0
    peerDependenciesMeta:
      '@bufbuild/protoc-gen-es':
        optional: true
      '@connectrpc/connect':
        optional: true
    dependencies:
      '@bufbuild/protobuf': 1.8.0
      '@bufbuild/protoc-gen-es': 1.8.0(@bufbuild/protobuf@1.8.0)
      '@bufbuild/protoplugin': 1.7.2
      '@connectrpc/connect': 1.4.0(@bufbuild/protobuf@1.8.0)
    transitivePeerDependencies:
      - supports-color
    dev: true

  /@types/uuid@9.0.8:
    resolution: {integrity: sha512-jg+97EGIcY9AGHJJRaaPVgetKDsrTgbRjQ5Msgjh/DQKEFl0DtyRr/VCOyD1T2R1MNeWPK/u7JoGhlDZnKBAfA==}
    dev: true

  /@typescript/vfs@1.5.0:
    resolution: {integrity: sha512-AJS307bPgbsZZ9ggCT3wwpg3VbTKMFNHfaY/uF0ahSkYYrPF2dSSKDNIDIQAHm9qJqbLvCsSJH7yN4Vs/CsMMg==}
    dependencies:
      debug: 4.3.4
    transitivePeerDependencies:
      - supports-color
    dev: true

  /debug@4.3.4:
    resolution: {integrity: sha512-PRWFHuSU3eDtQJPvnNY7Jcket1j0t5OuOsFzPPzsekD52Zl8qUfFIPEiswXqIvHWGVHOgX+7G/vCNNhehwxfkQ==}
    engines: {node: '>=6.0'}
    peerDependencies:
      supports-color: '*'
    peerDependenciesMeta:
      supports-color:
        optional: true
    dependencies:
      ms: 2.1.2
    dev: true

  /ms@2.1.2:
    resolution: {integrity: sha512-sGkPx+VjMtmA6MX27oA4FBFELFCZZ4S4XqeGOXCv68tT+jb3vk/RyaKWP0PTKyWtmLSM0b+adUTEvbs1PEaH2w==}
    dev: true

  /typescript@4.5.2:
    resolution: {integrity: sha512-5BlMof9H1yGt0P8/WF+wPNw6GfctgGjXp5hkblpyT+8rkASSmkUKMXrxR0Xg8ThVCi/JnHQiKXeBaEwCeQwMFw==}
    engines: {node: '>=4.2.0'}
    hasBin: true
    dev: true

  /uuid@9.0.1:
    resolution: {integrity: sha512-b+1eJOlsR9K8HJpow9Ok3fiWOWSIcIzXodvv0rQjVoOVNpWMpxf1wZNpt4y9h10odCNrqnYp1OBzRktckBe3sA==}
    hasBin: true
    dev: false
